# This file is autogenerated, do not edit; changes may be undone by the next 'dep ensure'.


[[projects]]
  name = "github.com/BurntSushi/toml"
  packages = ["."]
  revision = "b26d9c308763d68093482582cea63d69be07a0f0"
  version = "v0.3.0"

[[projects]]
  branch = "master"
  name = "github.com/gwoo/greq"
  packages = ["."]
  revision = "5147740e042220c1289717233cee0a7591da1439"

[solve-meta]
  analyzer-name = "dep"
  analyzer-version = 1
  inputs-digest = "6c057bf02543f5ab241cde1ec5508f92a41eef104213994df70325acb7031c5e"
  solver-name = "gps-cdcl"
  solver-version = 1
